
Microsoft Visual Studio Solution File, Format Version 12.00
# Visual Studio Version 17
VisualStudioVersion = 17.2.32602.215
MinimumVisualStudioVersion = 10.0.40219.1
Project("{FAE04EC0-301F-11D3-BF4B-00C04F79EFBC}") = "BoraBoraLa", "BoraBoraLa.csproj", "{166DC07D-A3B8-4467-8770-53C74E69772E}"
EndProject
Global
	GlobalSection(SolutionConfigurationPlatforms) = preSolution
		Debug|Any CPU = Debug|Any CPU
		Release|Any CPU = Release|Any CPU
	EndGlobalSection
	GlobalSection(ProjectConfigurationPlatforms) = postSolution
		{166DC07D-A3B8-4467-8770-53C74E69772E}.Debug|Any CPU.ActiveCfg = Debug|Any CPU
		{166DC07D-A3B8-4467-8770-53C74E69772E}.Debug|Any CPU.Build.0 = Debug|Any CPU
		{166DC07D-A3B8-4467-8770-53C74E69772E}.Release|Any CPU.ActiveCfg = Release|Any CPU
		{166DC07D-A3B8-4467-8770-53C74E69772E}.Release|Any CPU.Build.0 = Release|Any CPU
	EndGlobalSection
	GlobalSection(SolutionProperties) = preSolution
		HideSolutionNode = FALSE
	EndGlobalSection
	GlobalSection(ExtensibilityGlobals) = postSolution
		SolutionGuid = {C89C592D-9A01-4FE5-9C20-2B7EA345DAD6}
	EndGlobalSection
EndGlobal
